
Microsoft Visual Studio Solution File, Format Version 12.00
# Visual Studio Version 16
VisualStudioVersion = 16.0.31105.61
MinimumVisualStudioVersion = 10.0.40219.1
Project("{FAE04EC0-301F-11D3-BF4B-00C04F79EFBC}") = "Manipulating Arrays", "Manipulating Arrays\Manipulating Arrays.csproj", "{7D55AA69-B7D9-4082-996D-0ECC2EB72199}"
EndProject
Global
	GlobalSection(SolutionConfigurationPlatforms) = preSolution
		Debug|Any CPU = Debug|Any CPU
		Release|Any CPU = Release|Any CPU
	EndGlobalSection
	GlobalSection(ProjectConfigurationPlatforms) = postSolution
		{7D55AA69-B7D9-4082-996D-0ECC2EB72199}.Debug|Any CPU.ActiveCfg = Debug|Any CPU
		{7D55AA69-B7D9-4082-996D-0ECC2EB72199}.Debug|Any CPU.Build.0 = Debug|Any CPU
		{7D55AA69-B7D9-4082-996D-0ECC2EB72199}.Release|Any CPU.ActiveCfg = Release|Any CPU
		{7D55AA69-B7D9-4082-996D-0ECC2EB72199}.Release|Any CPU.Build.0 = Release|Any CPU
	EndGlobalSection
	GlobalSection(SolutionProperties) = preSolution
		HideSolutionNode = FALSE
	EndGlobalSection
	GlobalSection(ExtensibilityGlobals) = postSolution
		SolutionGuid = {B12CB0B1-3B1E-4B15-A931-80C42CCF7222}
	EndGlobalSection
EndGlobal
